
Microsoft Visual Studio Solution File, Format Version 12.00
# Visual Studio 15
VisualStudioVersion = 15.0.28307.329
MinimumVisualStudioVersion = 10.0.40219.1
Project("{8BC9CEB8-8B4A-11D0-8D11-00A0C91BC942}") = "ques2", "ques2\ques2.vcxproj", "{28BB9A2E-2AE6-4223-B66E-7ABA4583D79C}"
EndProject
Global
	GlobalSection(SolutionConfigurationPlatforms) = preSolution
		Debug|x64 = Debug|x64
		Debug|x86 = Debug|x86
		Release|x64 = Release|x64
		Release|x86 = Release|x86
	EndGlobalSection
	GlobalSection(ProjectConfigurationPlatforms) = postSolution
		{28BB9A2E-2AE6-4223-B66E-7ABA4583D79C}.Debug|x64.ActiveCfg = Debug|x64
		{28BB9A2E-2AE6-4223-B66E-7ABA4583D79C}.Debug|x64.Build.0 = Debug|x64
		{28BB9A2E-2AE6-4223-B66E-7ABA4583D79C}.Debug|x86.ActiveCfg = Debug|Win32
		{28BB9A2E-2AE6-4223-B66E-7ABA4583D79C}.Debug|x86.Build.0 = Debug|Win32
		{28BB9A2E-2AE6-4223-B66E-7ABA4583D79C}.Release|x64.ActiveCfg = Release|x64
		{28BB9A2E-2AE6-4223-B66E-7ABA4583D79C}.Release|x64.Build.0 = Release|x64
		{28BB9A2E-2AE6-4223-B66E-7ABA4583D79C}.Release|x86.ActiveCfg = Release|Win32
		{28BB9A2E-2AE6-4223-B66E-7ABA4583D79C}.Release|x86.Build.0 = Release|Win32
	EndGlobalSection
	GlobalSection(SolutionProperties) = preSolution
		HideSolutionNode = FALSE
	EndGlobalSection
	GlobalSection(ExtensibilityGlobals) = postSolution
		SolutionGuid = {D30280F4-1A98-47B0-893A-82710E8B42BC}
	EndGlobalSection
EndGlobal
